
Microsoft Visual Studio Solution File, Format Version 12.00
# Visual Studio Version 17
VisualStudioVersion = 17.4.33122.133
MinimumVisualStudioVersion = 10.0.40219.1
Project("{FAE04EC0-301F-11D3-BF4B-00C04F79EFBC}") = "FramerTest3", "FramerTest3.csproj", "{5134DAC9-4A51-409A-8B46-8427541F1328}"
EndProject
Global
	GlobalSection(SolutionConfigurationPlatforms) = preSolution
		Debug|Any CPU = Debug|Any CPU
		Release|Any CPU = Release|Any CPU
	EndGlobalSection
	GlobalSection(ProjectConfigurationPlatforms) = postSolution
		{5134DAC9-4A51-409A-8B46-8427541F1328}.Debug|Any CPU.ActiveCfg = Debug|Any CPU
		{5134DAC9-4A51-409A-8B46-8427541F1328}.Debug|Any CPU.Build.0 = Debug|Any CPU
		{5134DAC9-4A51-409A-8B46-8427541F1328}.Release|Any CPU.ActiveCfg = Release|Any CPU
		{5134DAC9-4A51-409A-8B46-8427541F1328}.Release|Any CPU.Build.0 = Release|Any CPU
	EndGlobalSection
	GlobalSection(SolutionProperties) = preSolution
		HideSolutionNode = FALSE
	EndGlobalSection
	GlobalSection(ExtensibilityGlobals) = postSolution
		SolutionGuid = {F4465CCF-8033-4E4A-BC96-194FB5A6B6DF}
	EndGlobalSection
EndGlobal
